# THIS IS AN AUTOGENERATED FILE. DO NOT EDIT THIS FILE DIRECTLY.
# yarn lockfile v1


"@sentry/browser@^5.8.0":
  version "5.8.0"
  resolved "https://registry.npm.taobao.org/@sentry/browser/download/@sentry/browser-5.8.0.tgz#cd8adb96154ed1777fb14278d802bf90df06d15f"
  integrity sha1-zYrblhVO0Xd/sUJ42AK/kN8G0V8=
  dependencies:
    "@sentry/core" "5.8.0"
    "@sentry/types" "5.7.1"
    "@sentry/utils" "5.8.0"
    tslib "^1.9.3"

"@sentry/core@5.8.0":
  version "5.8.0"
  resolved "https://registry.npm.taobao.org/@sentry/core/download/@sentry/core-5.8.0.tgz#bbfd2f4711491951a8e3a0e8fa8b172fdf7bff6f"
  integrity sha1-u/0vRxFJGVGo46Do+osXL997/28=
  dependencies:
    "@sentry/hub" "5.8.0"
    "@sentry/minimal" "5.8.0"
    "@sentry/types" "5.7.1"
    "@sentry/utils" "5.8.0"
    tslib "^1.9.3"

"@sentry/hub@5.8.0":
  version "5.8.0"
  resolved "https://registry.npm.taobao.org/@sentry/hub/download/@sentry/hub-5.8.0.tgz#56aaeb7324cb66d90db838011cb0127f5558007f"
  integrity sha1-VqrrcyTLZtkNuDgBHLASf1VYAH8=
  dependencies:
    "@sentry/types" "5.7.1"
    "@sentry/utils" "5.8.0"
    tslib "^1.9.3"

"@sentry/integrations@^5.8.0":
  version "5.8.0"
  resolved "https://registry.npm.taobao.org/@sentry/integrations/download/@sentry/integrations-5.8.0.tgz#ea0ac89a701ebfb809ee992e758ad49d66083b5e"
  integrity sha1-6grImnAev7gJ7pkudYrUnWYIO14=
  dependencies:
    "@sentry/types" "5.7.1"
    "@sentry/utils" "5.8.0"
    tslib "^1.9.3"

"@sentry/minimal@5.8.0":
  version "5.8.0"
  resolved "https://registry.npm.taobao.org/@sentry/minimal/download/@sentry/minimal-5.8.0.tgz#b7ad5113504ab67f1ef2b0f465b7ba608e6b8dc5"
  integrity sha1-t61RE1BKtn8e8rD0Zbe6YI5rjcU=
  dependencies:
    "@sentry/hub" "5.8.0"
    "@sentry/types" "5.7.1"
    tslib "^1.9.3"

"@sentry/types@5.7.1":
  version "5.7.1"
  resolved "https://registry.npm.taobao.org/@sentry/types/download/@sentry/types-5.7.1.tgz#4c4c1d4d891b6b8c2c3c7b367d306a8b1350f090"
  integrity sha1-TEwdTYkba4wsPHs2fTBqixNQ8JA=

"@sentry/utils@5.8.0":
  version "5.8.0"
  resolved "https://registry.npm.taobao.org/@sentry/utils/download/@sentry/utils-5.8.0.tgz#34683088159b9935f973b6e6cad1a1cc26bbddac"
  integrity sha1-NGgwiBWbmTX5c7bmytGhzCa73aw=
  dependencies:
    "@sentry/types" "5.7.1"
    tslib "^1.9.3"

tslib@^1.9.3:
  version "1.10.0"
  resolved "https://registry.npm.taobao.org/tslib/download/tslib-1.10.0.tgz#c3c19f95973fb0a62973fb09d90d961ee43e5c8a"
  integrity sha1-w8GflZc/sKYpc/sJ2Q2WHuQ+XIo=
